
Microsoft Visual Studio Solution File, Format Version 12.00
# Visual Studio 15
VisualStudioVersion = 15.0.28307.421
MinimumVisualStudioVersion = 10.0.40219.1
Project("{FAE04EC0-301F-11D3-BF4B-00C04F79EFBC}") = "EquazioniLibrary", "EquazioniLibrary\EquazioniLibrary.csproj", "{D98755E4-5A0C-4491-AE83-C24FBD7D6802}"
EndProject
Project("{FAE04EC0-301F-11D3-BF4B-00C04F79EFBC}") = "EquazioniLibrary.Test", "EquazioniLibrary.Test\EquazioniLibrary.Test.csproj", "{796279B2-7EB4-4589-81C8-D2D696697D44}"
EndProject
Global
	GlobalSection(SolutionConfigurationPlatforms) = preSolution
		Debug|Any CPU = Debug|Any CPU
		Release|Any CPU = Release|Any CPU
	EndGlobalSection
	GlobalSection(ProjectConfigurationPlatforms) = postSolution
		{D98755E4-5A0C-4491-AE83-C24FBD7D6802}.Debug|Any CPU.ActiveCfg = Debug|Any CPU
		{D98755E4-5A0C-4491-AE83-C24FBD7D6802}.Debug|Any CPU.Build.0 = Debug|Any CPU
		{D98755E4-5A0C-4491-AE83-C24FBD7D6802}.Release|Any CPU.ActiveCfg = Release|Any CPU
		{D98755E4-5A0C-4491-AE83-C24FBD7D6802}.Release|Any CPU.Build.0 = Release|Any CPU
		{796279B2-7EB4-4589-81C8-D2D696697D44}.Debug|Any CPU.ActiveCfg = Debug|Any CPU
		{796279B2-7EB4-4589-81C8-D2D696697D44}.Debug|Any CPU.Build.0 = Debug|Any CPU
		{796279B2-7EB4-4589-81C8-D2D696697D44}.Release|Any CPU.ActiveCfg = Release|Any CPU
		{796279B2-7EB4-4589-81C8-D2D696697D44}.Release|Any CPU.Build.0 = Release|Any CPU
	EndGlobalSection
	GlobalSection(SolutionProperties) = preSolution
		HideSolutionNode = FALSE
	EndGlobalSection
	GlobalSection(ExtensibilityGlobals) = postSolution
		SolutionGuid = {A188B591-8F58-44FD-A296-8B5C709E3D3A}
	EndGlobalSection
EndGlobal
